#
# ATTENTION CE FICHIER EST GENERE AUTOMATIQUEMENT !
#

version: 4.2.3
modules:
  jpa:
    version: 4.2.3
    hash: 127591cfd0cf09f63b56860d836ba7b3
  javascript:
    version: 4.2.2
    hash: b68d1c5f74a603161e2cd1ce3fbbb624
  sql:
    version: 4.1.3
    hash: 40c4b8bd1e52ff4af754f8eb37a12682
generatedFiles:
  - ../env/db/init/01_tables.sql
  - ../env/db/init/02_indexes_and_keys.sql
  - ../env/db/init/03_values.sql
  - ../sources/backend/src/main/java/kleecontrib/asta/daos/common/TraductionDAO.java
  - ../sources/backend/src/main/java/kleecontrib/asta/daos/securite/profil/DroitProfilDAO.java
  - ../sources/backend/src/main/java/kleecontrib/asta/daos/securite/profil/ProfilDAO.java
  - ../sources/backend/src/main/java/kleecontrib/asta/daos/securite/utilisateur/UtilisateurDAO.java
  - ../sources/backend/src/main/javagen/kleecontrib/asta/api/common/ReferenceController.java
  - ../sources/backend/src/main/javagen/kleecontrib/asta/api/securite/auth/AuthController.java
  - ../sources/backend/src/main/javagen/kleecontrib/asta/api/securite/profil/ProfilController.java
  - ../sources/backend/src/main/javagen/kleecontrib/asta/api/securite/utilisateur/UtilisateurController.java
  - ../sources/backend/src/main/javagen/kleecontrib/asta/dtos/securite/auth/AuthProperties.java
  - ../sources/backend/src/main/javagen/kleecontrib/asta/dtos/securite/profil/ProfilCommand.java
  - ../sources/backend/src/main/javagen/kleecontrib/asta/dtos/securite/profil/ProfilItem.java
  - ../sources/backend/src/main/javagen/kleecontrib/asta/dtos/securite/profil/ProfilItemRead.java
  - ../sources/backend/src/main/javagen/kleecontrib/asta/dtos/securite/profil/ProfilRead.java
  - ../sources/backend/src/main/javagen/kleecontrib/asta/dtos/securite/profil/ProfilWrite.java
  - ../sources/backend/src/main/javagen/kleecontrib/asta/dtos/securite/profil/SecuriteProfilDTOMappers.java
  - ../sources/backend/src/main/javagen/kleecontrib/asta/dtos/securite/utilisateur/SecuriteUtilisateurDTOMappers.java
  - ../sources/backend/src/main/javagen/kleecontrib/asta/dtos/securite/utilisateur/UtilisateurCommand.java
  - ../sources/backend/src/main/javagen/kleecontrib/asta/dtos/securite/utilisateur/UtilisateurItem.java
  - ../sources/backend/src/main/javagen/kleecontrib/asta/dtos/securite/utilisateur/UtilisateurRead.java
  - ../sources/backend/src/main/javagen/kleecontrib/asta/dtos/securite/utilisateur/UtilisateurWrite.java
  - ../sources/backend/src/main/javagen/kleecontrib/asta/entities/common/Traduction_.java
  - ../sources/backend/src/main/javagen/kleecontrib/asta/entities/common/Traduction.java
  - ../sources/backend/src/main/javagen/kleecontrib/asta/entities/securite/Droit_.java
  - ../sources/backend/src/main/javagen/kleecontrib/asta/entities/securite/Droit.java
  - ../sources/backend/src/main/javagen/kleecontrib/asta/entities/securite/profil/DroitProfil_.java
  - ../sources/backend/src/main/javagen/kleecontrib/asta/entities/securite/profil/DroitProfil.java
  - ../sources/backend/src/main/javagen/kleecontrib/asta/entities/securite/profil/Profil_.java
  - ../sources/backend/src/main/javagen/kleecontrib/asta/entities/securite/profil/Profil.java
  - ../sources/backend/src/main/javagen/kleecontrib/asta/entities/securite/profil/SecuriteProfilMappers.java
  - ../sources/backend/src/main/javagen/kleecontrib/asta/entities/securite/TypeDroit_.java
  - ../sources/backend/src/main/javagen/kleecontrib/asta/entities/securite/TypeDroit.java
  - ../sources/backend/src/main/javagen/kleecontrib/asta/entities/securite/TypeUtilisateur_.java
  - ../sources/backend/src/main/javagen/kleecontrib/asta/entities/securite/TypeUtilisateur.java
  - ../sources/backend/src/main/javagen/kleecontrib/asta/entities/securite/utilisateur/SecuriteUtilisateurMappers.java
  - ../sources/backend/src/main/javagen/kleecontrib/asta/entities/securite/utilisateur/Utilisateur_.java
  - ../sources/backend/src/main/javagen/kleecontrib/asta/entities/securite/utilisateur/Utilisateur.java
  - ../sources/backend/src/main/javagen/kleecontrib/asta/enums/securite/DroitCode.java
  - ../sources/backend/src/main/javagen/kleecontrib/asta/enums/securite/TypeDroitCode.java
  - ../sources/backend/src/main/javagen/kleecontrib/asta/enums/securite/TypeUtilisateurCode.java
  - ../sources/frontend/src/model/securite/auth/auth-properties.ts
  - ../sources/frontend/src/model/securite/enums.ts
  - ../sources/frontend/src/model/securite/profil/profil-item.ts
  - ../sources/frontend/src/model/securite/profil/profil-read.ts
  - ../sources/frontend/src/model/securite/profil/profil-write.ts
  - ../sources/frontend/src/model/securite/utilisateur/utilisateur-item.ts
  - ../sources/frontend/src/model/securite/utilisateur/utilisateur-read.ts
  - ../sources/frontend/src/model/securite/utilisateur/utilisateur-write.ts
  - ../sources/frontend/src/services/common/reference.service.ts
  - ../sources/frontend/src/services/securite/auth/auth.service.ts
  - ../sources/frontend/src/services/securite/profil/profil.service.ts
  - ../sources/frontend/src/services/securite/utilisateur/utilisateur.service.ts
