#
# ATTENTION CE FICHIER EST GENERE AUTOMATIQUEMENT !
#

version: 3.8.7
modules:
  jpa:
    version: 3.5.5
    hash: 107716a5c626ef7b5e07ca681530368a
  javascript:
    version: 3.6.1
    hash: 821902636c343def4026124769a2e22b
  sql:
    version: 3.6.1
    hash: 4fb7d2cdbfca0dd3dc5fba1af696d82a
generatedFiles:
  - ../env/db/init/02_create_tables.sql
  - ../env/db/init/03_create_fk.sql
  - ../env/db/init/04_create_uk.sql
  - ../env/db/init/05_init_data.sql
  - ../sources/backend/src/main/java/kleecontrib/asta/daos/common/TraductionDAO.java
  - ../sources/backend/src/main/java/kleecontrib/asta/daos/securite/profil/DroitProfilDAO.java
  - ../sources/backend/src/main/java/kleecontrib/asta/daos/securite/profil/ProfilDAO.java
  - ../sources/backend/src/main/java/kleecontrib/asta/daos/securite/utilisateur/UtilisateurDAO.java
  - ../sources/backend/src/main/javagen/kleecontrib/asta/api/common/ReferenceController.java
  - ../sources/backend/src/main/javagen/kleecontrib/asta/api/securite/auth/AuthController.java
  - ../sources/backend/src/main/javagen/kleecontrib/asta/api/securite/profil/ProfilController.java
  - ../sources/backend/src/main/javagen/kleecontrib/asta/api/securite/utilisateur/UtilisateurController.java
  - ../sources/backend/src/main/javagen/kleecontrib/asta/dtos/securite/auth/AuthProperties.java
  - ../sources/backend/src/main/javagen/kleecontrib/asta/dtos/securite/profil/ProfilCommand.java
  - ../sources/backend/src/main/javagen/kleecontrib/asta/dtos/securite/profil/ProfilItem.java
  - ../sources/backend/src/main/javagen/kleecontrib/asta/dtos/securite/profil/ProfilItemRead.java
  - ../sources/backend/src/main/javagen/kleecontrib/asta/dtos/securite/profil/ProfilRead.java
  - ../sources/backend/src/main/javagen/kleecontrib/asta/dtos/securite/profil/ProfilWrite.java
  - ../sources/backend/src/main/javagen/kleecontrib/asta/dtos/securite/profil/SecuriteProfilDTOMappers.java
  - ../sources/backend/src/main/javagen/kleecontrib/asta/dtos/securite/utilisateur/SecuriteUtilisateurDTOMappers.java
  - ../sources/backend/src/main/javagen/kleecontrib/asta/dtos/securite/utilisateur/UtilisateurCommand.java
  - ../sources/backend/src/main/javagen/kleecontrib/asta/dtos/securite/utilisateur/UtilisateurItem.java
  - ../sources/backend/src/main/javagen/kleecontrib/asta/dtos/securite/utilisateur/UtilisateurRead.java
  - ../sources/backend/src/main/javagen/kleecontrib/asta/dtos/securite/utilisateur/UtilisateurWrite.java
  - ../sources/backend/src/main/javagen/kleecontrib/asta/entities/common/Traduction_.java
  - ../sources/backend/src/main/javagen/kleecontrib/asta/entities/common/Traduction.java
  - ../sources/backend/src/main/javagen/kleecontrib/asta/entities/securite/Droit_.java
  - ../sources/backend/src/main/javagen/kleecontrib/asta/entities/securite/Droit.java
  - ../sources/backend/src/main/javagen/kleecontrib/asta/entities/securite/profil/DroitProfil_.java
  - ../sources/backend/src/main/javagen/kleecontrib/asta/entities/securite/profil/DroitProfil.java
  - ../sources/backend/src/main/javagen/kleecontrib/asta/entities/securite/profil/Profil_.java
  - ../sources/backend/src/main/javagen/kleecontrib/asta/entities/securite/profil/Profil.java
  - ../sources/backend/src/main/javagen/kleecontrib/asta/entities/securite/profil/SecuriteProfilMappers.java
  - ../sources/backend/src/main/javagen/kleecontrib/asta/entities/securite/TypeDroit_.java
  - ../sources/backend/src/main/javagen/kleecontrib/asta/entities/securite/TypeDroit.java
  - ../sources/backend/src/main/javagen/kleecontrib/asta/entities/securite/TypeUtilisateur_.java
  - ../sources/backend/src/main/javagen/kleecontrib/asta/entities/securite/TypeUtilisateur.java
  - ../sources/backend/src/main/javagen/kleecontrib/asta/entities/securite/utilisateur/SecuriteUtilisateurMappers.java
  - ../sources/backend/src/main/javagen/kleecontrib/asta/entities/securite/utilisateur/Utilisateur_.java
  - ../sources/backend/src/main/javagen/kleecontrib/asta/entities/securite/utilisateur/Utilisateur.java
  - ../sources/backend/src/main/javagen/kleecontrib/asta/enums/securite/DroitCode.java
  - ../sources/backend/src/main/javagen/kleecontrib/asta/enums/securite/TypeDroitCode.java
  - ../sources/backend/src/main/javagen/kleecontrib/asta/enums/securite/TypeUtilisateurCode.java
  - ../sources/frontend/src/model/securite/auth/auth-properties.ts
  - ../sources/frontend/src/model/securite/profil/profil-item.ts
  - ../sources/frontend/src/model/securite/profil/profil-read.ts
  - ../sources/frontend/src/model/securite/profil/profil-write.ts
  - ../sources/frontend/src/model/securite/references.ts
  - ../sources/frontend/src/model/securite/utilisateur/utilisateur-item.ts
  - ../sources/frontend/src/model/securite/utilisateur/utilisateur-read.ts
  - ../sources/frontend/src/model/securite/utilisateur/utilisateur-write.ts
  - ../sources/frontend/src/services/common/reference.service.ts
  - ../sources/frontend/src/services/securite/auth/auth.service.ts
  - ../sources/frontend/src/services/securite/profil/profil.service.ts
  - ../sources/frontend/src/services/securite/utilisateur/utilisateur.service.ts
